
Microsoft Visual Studio Solution File, Format Version 12.00
# Visual Studio Version 17
VisualStudioVersion = 17.8.34322.80
MinimumVisualStudioVersion = 10.0.40219.1
Project("{FAE04EC0-301F-11D3-BF4B-00C04F79EFBC}") = "Chl", "Chl.csproj", "{F43B0B2D-2E9F-4B86-9195-B0C979343454}"
EndProject
Global
	GlobalSection(SolutionConfigurationPlatforms) = preSolution
		Debug|Any CPU = Debug|Any CPU
		Release|Any CPU = Release|Any CPU
	EndGlobalSection
	GlobalSection(ProjectConfigurationPlatforms) = postSolution
		{F43B0B2D-2E9F-4B86-9195-B0C979343454}.Debug|Any CPU.ActiveCfg = Debug|Any CPU
		{F43B0B2D-2E9F-4B86-9195-B0C979343454}.Debug|Any CPU.Build.0 = Debug|Any CPU
		{F43B0B2D-2E9F-4B86-9195-B0C979343454}.Release|Any CPU.ActiveCfg = Release|Any CPU
		{F43B0B2D-2E9F-4B86-9195-B0C979343454}.Release|Any CPU.Build.0 = Release|Any CPU
	EndGlobalSection
	GlobalSection(SolutionProperties) = preSolution
		HideSolutionNode = FALSE
	EndGlobalSection
	GlobalSection(ExtensibilityGlobals) = postSolution
		SolutionGuid = {B4693332-EE5B-4DD1-904A-1F0F08B057B0}
	EndGlobalSection
EndGlobal
